
Microsoft Visual Studio Solution File, Format Version 12.00
# Visual Studio Version 17
VisualStudioVersion = 17.4.33213.308
MinimumVisualStudioVersion = 10.0.40219.1
Project("{FAE04EC0-301F-11D3-BF4B-00C04F79EFBC}") = "StreamWriterDemo", "StreamWriterDemo\StreamWriterDemo.csproj", "{2AE44867-BA35-4ECA-B912-949C6FB28FDB}"
EndProject
Global
	GlobalSection(SolutionConfigurationPlatforms) = preSolution
		Debug|Any CPU = Debug|Any CPU
		Release|Any CPU = Release|Any CPU
	EndGlobalSection
	GlobalSection(ProjectConfigurationPlatforms) = postSolution
		{2AE44867-BA35-4ECA-B912-949C6FB28FDB}.Debug|Any CPU.ActiveCfg = Debug|Any CPU
		{2AE44867-BA35-4ECA-B912-949C6FB28FDB}.Debug|Any CPU.Build.0 = Debug|Any CPU
		{2AE44867-BA35-4ECA-B912-949C6FB28FDB}.Release|Any CPU.ActiveCfg = Release|Any CPU
		{2AE44867-BA35-4ECA-B912-949C6FB28FDB}.Release|Any CPU.Build.0 = Release|Any CPU
	EndGlobalSection
	GlobalSection(SolutionProperties) = preSolution
		HideSolutionNode = FALSE
	EndGlobalSection
	GlobalSection(ExtensibilityGlobals) = postSolution
		SolutionGuid = {6DDC084A-0A9C-4388-86F4-F29F811368C8}
	EndGlobalSection
EndGlobal
